
Microsoft Visual Studio Solution File, Format Version 12.00
# Visual Studio Version 17
VisualStudioVersion = 17.0.31903.59
MinimumVisualStudioVersion = 10.0.40219.1
Project("{2150E333-8FDC-42A3-9474-1A3956D46DE8}") = "src", "src", "{E94CAA60-CEFD-43F5-AE5E-8D1653D286C0}"
EndProject
Project("{FAE04EC0-301F-11D3-BF4B-00C04F79EFBC}") = "AsaderoPioPio", "src\AsaderoPioPio\AsaderoPioPio.csproj", "{262901E2-2799-4550-BA07-5D168E2DD1D9}"
EndProject
Global
	GlobalSection(SolutionConfigurationPlatforms) = preSolution
		Debug|Any CPU = Debug|Any CPU
		Release|Any CPU = Release|Any CPU
	EndGlobalSection
	GlobalSection(SolutionProperties) = preSolution
		HideSolutionNode = FALSE
	EndGlobalSection
	GlobalSection(ProjectConfigurationPlatforms) = postSolution
		{262901E2-2799-4550-BA07-5D168E2DD1D9}.Debug|Any CPU.ActiveCfg = Debug|Any CPU
		{262901E2-2799-4550-BA07-5D168E2DD1D9}.Debug|Any CPU.Build.0 = Debug|Any CPU
		{262901E2-2799-4550-BA07-5D168E2DD1D9}.Release|Any CPU.ActiveCfg = Release|Any CPU
		{262901E2-2799-4550-BA07-5D168E2DD1D9}.Release|Any CPU.Build.0 = Release|Any CPU
	EndGlobalSection
	GlobalSection(NestedProjects) = preSolution
		{262901E2-2799-4550-BA07-5D168E2DD1D9} = {E94CAA60-CEFD-43F5-AE5E-8D1653D286C0}
	EndGlobalSection
EndGlobal
